
Microsoft Visual Studio Solution File, Format Version 12.00
# Visual Studio 15
VisualStudioVersion = 15.0.26430.16
MinimumVisualStudioVersion = 10.0.40219.1
Project("{9A19103F-16F7-4668-BE54-9A1E7A4F7556}") = "WebApplication4", "WebApplication4\WebApplication4.csproj", "{F35B457D-88C9-483D-8942-349580ADC486}"
EndProject
Project("{2150E333-8FDC-42A3-9474-1A3956D46DE8}") = "Solution Items", "Solution Items", "{01D4B4C6-4057-4A50-9EEB-F521F87F2324}"
	ProjectSection(SolutionItems) = preProject
		AccederTabla.cs = AccederTabla.cs
	EndProjectSection
EndProject
Project("{2150E333-8FDC-42A3-9474-1A3956D46DE8}") = "Models", "Models", "{EEB1D9A5-FD3F-4178-BBA4-188F107DF9F4}"
	ProjectSection(SolutionItems) = preProject
		Modelo.cs = Modelo.cs
	EndProjectSection
EndProject
Global
	GlobalSection(SolutionConfigurationPlatforms) = preSolution
		Debug|Any CPU = Debug|Any CPU
		Release|Any CPU = Release|Any CPU
	EndGlobalSection
	GlobalSection(ProjectConfigurationPlatforms) = postSolution
		{F35B457D-88C9-483D-8942-349580ADC486}.Debug|Any CPU.ActiveCfg = Debug|Any CPU
		{F35B457D-88C9-483D-8942-349580ADC486}.Debug|Any CPU.Build.0 = Debug|Any CPU
		{F35B457D-88C9-483D-8942-349580ADC486}.Release|Any CPU.ActiveCfg = Release|Any CPU
		{F35B457D-88C9-483D-8942-349580ADC486}.Release|Any CPU.Build.0 = Release|Any CPU
	EndGlobalSection
	GlobalSection(SolutionProperties) = preSolution
		HideSolutionNode = FALSE
	EndGlobalSection
EndGlobal
